# THIS IS AN AUTOGENERATED FILE. DO NOT EDIT THIS FILE DIRECTLY.
# yarn lockfile v1


"@vant/weapp@^1.11.7":
  version "1.11.7"
  resolved "https://registry.npmjs.org/@vant/weapp/-/weapp-1.11.7.tgz#bfd4092970d470719d5e93a6d4ff96746d1cb276"
  integrity sha512-Rwn9BBnb4kHSV4XmvBicwtd42J+amEUfnFDcXJsGNPNX4a9c/DoT6YLsm4X1wB2+sQbdiQsbFBLAvGRBxCkD8g==
